
Microsoft Visual Studio Solution File, Format Version 12.00
# Visual Studio Version 17
VisualStudioVersion = 17.5.33414.496
MinimumVisualStudioVersion = 10.0.40219.1
Project("{FAE04EC0-301F-11D3-BF4B-00C04F79EFBC}") = "VİZE FİNAL PROGRAMI.,", "VİZE FİNAL PROGRAMI.,\VİZE FİNAL PROGRAMI.,.csproj", "{FABCC3C9-5FE4-4904-9AB3-8233FAE08703}"
EndProject
Global
	GlobalSection(SolutionConfigurationPlatforms) = preSolution
		Debug|Any CPU = Debug|Any CPU
		Release|Any CPU = Release|Any CPU
	EndGlobalSection
	GlobalSection(ProjectConfigurationPlatforms) = postSolution
		{FABCC3C9-5FE4-4904-9AB3-8233FAE08703}.Debug|Any CPU.ActiveCfg = Debug|Any CPU
		{FABCC3C9-5FE4-4904-9AB3-8233FAE08703}.Debug|Any CPU.Build.0 = Debug|Any CPU
		{FABCC3C9-5FE4-4904-9AB3-8233FAE08703}.Release|Any CPU.ActiveCfg = Release|Any CPU
		{FABCC3C9-5FE4-4904-9AB3-8233FAE08703}.Release|Any CPU.Build.0 = Release|Any CPU
	EndGlobalSection
	GlobalSection(SolutionProperties) = preSolution
		HideSolutionNode = FALSE
	EndGlobalSection
	GlobalSection(ExtensibilityGlobals) = postSolution
		SolutionGuid = {14F7FC7C-5268-4310-B177-D93D7664EA50}
	EndGlobalSection
EndGlobal
